alabaster==0.7.10
attrdict==2.0.0
Babel==2.5.1
cached-property==1.3.0
certifi==2017.7.27.1
chardet==3.0.4
coverage==4.4.1
Django==1.11.4
django-autocomplete-light==3.2.9
docutils==0.14
idna==2.5
imagesize==0.7.1
isodate==0.5.4
Jinja2==2.9.6
MarkupSafe==1.0
py==1.4.34
Pygments==2.2.0
pyparsing==2.2.0
pytest==3.1.3
pytest-cov==2.5.1
pytest-django==3.1.2
pytest-sugar==0.8.0
pytz==2017.2
rdflib==4.2.2
requests==2.18.2
six==1.10.0
snowballstemmer==1.2.1
Sphinx==1.6.4
sphinxcontrib-websupport==1.0.1
termcolor==1.1.0
urllib3==1.22
-e git+git@github.com:Princeton-CDH/viapy.git@3e56540d4c6f95ae759217794598ab608ffa8503#egg=viapy
